
Microsoft Visual Studio Solution File, Format Version 12.00
# Visual Studio Version 16
VisualStudioVersion = 16.0.28516.95
MinimumVisualStudioVersion = 10.0.40219.1
Project("{FAE04EC0-301F-11D3-BF4B-00C04F79EFBC}") = "DotnetTypescript", "DotnetTypescript\DotnetTypescript.csproj", "{852034A7-81C5-4EEF-91F2-B2F0583050E3}"
EndProject
Global
	GlobalSection(SolutionConfigurationPlatforms) = preSolution
		Debug|Any CPU = Debug|Any CPU
		Release|Any CPU = Release|Any CPU
	EndGlobalSection
	GlobalSection(ProjectConfigurationPlatforms) = postSolution
		{852034A7-81C5-4EEF-91F2-B2F0583050E3}.Debug|Any CPU.ActiveCfg = Debug|Any CPU
		{852034A7-81C5-4EEF-91F2-B2F0583050E3}.Debug|Any CPU.Build.0 = Debug|Any CPU
		{852034A7-81C5-4EEF-91F2-B2F0583050E3}.Release|Any CPU.ActiveCfg = Release|Any CPU
		{852034A7-81C5-4EEF-91F2-B2F0583050E3}.Release|Any CPU.Build.0 = Release|Any CPU
	EndGlobalSection
	GlobalSection(SolutionProperties) = preSolution
		HideSolutionNode = FALSE
	EndGlobalSection
	GlobalSection(ExtensibilityGlobals) = postSolution
		SolutionGuid = {A6700EF7-16E7-4054-8C0D-6BDCB05C053F}
	EndGlobalSection
EndGlobal
